{
  "version": "3",
  "remote": {
    "https://deno.land/std@0.153.0/fmt/colors.ts": "ff7dc9c9f33a72bd48bc24b21bbc1b4545d8494a431f17894dbc5fe92a938fc4",
    "https://deno.land/std@0.220.1/assert/_constants.ts": "a271e8ef5a573f1df8e822a6eb9d09df064ad66a4390f21b3e31f820a38e0975",
    "https://deno.land/std@0.220.1/assert/_diff.ts": "4bf42969aa8b1a33aaf23eb8e478b011bfaa31b82d85d2ff4b5c4662d8780d2b",
    "https://deno.land/std@0.220.1/assert/_format.ts": "0ba808961bf678437fb486b56405b6fefad2cf87b5809667c781ddee8c32aff4",
    "https://deno.land/std@0.220.1/assert/assert.ts": "bec068b2fccdd434c138a555b19a2c2393b71dfaada02b7d568a01541e67cdc5",
    "https://deno.land/std@0.220.1/assert/assert_almost_equals.ts": "8b96b7385cc117668b0720115eb6ee73d04c9bcb2f5d2344d674918c9113688f",
    "https://deno.land/std@0.220.1/assert/assert_array_includes.ts": "1688d76317fd45b7e93ef9e2765f112fdf2b7c9821016cdfb380b9445374aed1",
    "https://deno.land/std@0.220.1/assert/assert_equals.ts": "4497c56fe7d2993b0d447926702802fc0becb44e319079e8eca39b482ee01b4e",
    "https://deno.land/std@0.220.1/assert/assert_exists.ts": "24a7bf965e634f909242cd09fbaf38bde6b791128ece08e33ab08586a7cc55c9",
    "https://deno.land/std@0.220.1/assert/assert_false.ts": "6f382568e5128c0f855e5f7dbda8624c1ed9af4fcc33ef4a9afeeedcdce99769",
    "https://deno.land/std@0.220.1/assert/assert_greater.ts": "4945cf5729f1a38874d7e589e0fe5cc5cd5abe5573ca2ddca9d3791aa891856c",
    "https://deno.land/std@0.220.1/assert/assert_greater_or_equal.ts": "573ed8823283b8d94b7443eb69a849a3c369a8eb9666b2d1db50c33763a5d219",
    "https://deno.land/std@0.220.1/assert/assert_instance_of.ts": "72dc1faff1e248692d873c89382fa1579dd7b53b56d52f37f9874a75b11ba444",
    "https://deno.land/std@0.220.1/assert/assert_is_error.ts": "6596f2b5ba89ba2fe9b074f75e9318cda97a2381e59d476812e30077fbdb6ed2",
    "https://deno.land/std@0.220.1/assert/assert_less.ts": "2b4b3fe7910f65f7be52212f19c3977ecb8ba5b2d6d0a296c83cde42920bb005",
    "https://deno.land/std@0.220.1/assert/assert_less_or_equal.ts": "b93d212fe669fbde959e35b3437ac9a4468f2e6b77377e7b6ea2cfdd825d38a0",
    "https://deno.land/std@0.220.1/assert/assert_match.ts": "ec2d9680ed3e7b9746ec57ec923a17eef6d476202f339ad91d22277d7f1d16e1",
    "https://deno.land/std@0.220.1/assert/assert_not_equals.ts": "ac86413ab70ffb14fdfc41740ba579a983fe355ba0ce4a9ab685e6b8e7f6a250",
    "https://deno.land/std@0.220.1/assert/assert_not_instance_of.ts": "8f720d92d83775c40b2542a8d76c60c2d4aeddaf8713c8d11df8984af2604931",
    "https://deno.land/std@0.220.1/assert/assert_not_match.ts": "b4b7c77f146963e2b673c1ce4846473703409eb93f5ab0eb60f6e6f8aeffe39f",
    "https://deno.land/std@0.220.1/assert/assert_not_strict_equals.ts": "da0b8ab60a45d5a9371088378e5313f624799470c3b54c76e8b8abeec40a77be",
    "https://deno.land/std@0.220.1/assert/assert_object_match.ts": "e85e5eef62a56ce364c3afdd27978ccab979288a3e772e6855c270a7b118fa49",
    "https://deno.land/std@0.220.1/assert/assert_rejects.ts": "5206ac37d883797d9504e3915a0c7b692df6efcdefff3889cc14bb5a325641dd",
    "https://deno.land/std@0.220.1/assert/assert_strict_equals.ts": "0425a98f70badccb151644c902384c12771a93e65f8ff610244b8147b03a2366",
    "https://deno.land/std@0.220.1/assert/assert_string_includes.ts": "dfb072a890167146f8e5bdd6fde887ce4657098e9f71f12716ef37f35fb6f4a7",
    "https://deno.land/std@0.220.1/assert/assert_throws.ts": "31f3c061338aec2c2c33731973d58ccd4f14e42f355501541409ee958d2eb8e5",
    "https://deno.land/std@0.220.1/assert/assertion_error.ts": "9f689a101ee586c4ce92f52fa7ddd362e86434ffdf1f848e45987dc7689976b8",
    "https://deno.land/std@0.220.1/assert/equal.ts": "fae5e8a52a11d3ac694bbe1a53e13a7969e3f60791262312e91a3e741ae519e2",
    "https://deno.land/std@0.220.1/assert/fail.ts": "f310e51992bac8e54f5fd8e44d098638434b2edb802383690e0d7a9be1979f1c",
    "https://deno.land/std@0.220.1/assert/mod.ts": "7e41449e77a31fef91534379716971bebcfc12686e143d38ada5438e04d4a90e",
    "https://deno.land/std@0.220.1/assert/unimplemented.ts": "47ca67d1c6dc53abd0bd729b71a31e0825fc452dbcd4fde4ca06789d5644e7fd",
    "https://deno.land/std@0.220.1/assert/unreachable.ts": "3670816a4ab3214349acb6730e3e6f5299021234657eefe05b48092f3848c270",
    "https://deno.land/std@0.220.1/dotenv/load.ts": "587b342f0f6a3df071331fe6ba1c823729ab68f7d53805809475e486dd4161d7",
    "https://deno.land/std@0.220.1/dotenv/mod.ts": "0180eaeedaaf88647318811cdaa418cc64dc51fb08354f91f5f480d0a1309f7d",
    "https://deno.land/std@0.220.1/dotenv/parse.ts": "09977ff88dfd1f24f9973a338f0f91bbdb9307eb5ff6085446e7c423e4c7ba0c",
    "https://deno.land/std@0.220.1/dotenv/stringify.ts": "0047ad7068289735d08964046aea267a750c141b494ca0e38831b89be6c020c2",
    "https://deno.land/std@0.220.1/encoding/_util.ts": "beacef316c1255da9bc8e95afb1fa56ed69baef919c88dc06ae6cb7a6103d376",
    "https://deno.land/std@0.220.1/encoding/base64.ts": "8ccae67a1227b875340a8582ff707f37b131df435b07080d3bb58e07f5f97807",
    "https://deno.land/std@0.220.1/fmt/colors.ts": "d239d84620b921ea520125d778947881f62c50e78deef2657073840b8af9559a",
    "https://deno.land/std@0.220.1/media_types/_db.ts": "19563a2491cd81b53b9c1c6ffd1a9145c355042d4a854c52f6e1424f73ff3923",
    "https://deno.land/std@0.220.1/media_types/_util.ts": "97fadcdfc82fdb02da87efb0fcd3171b0004fb810284114e9d0914a7c4a0b7e5",
    "https://deno.land/std@0.220.1/media_types/content_type.ts": "ed3f2e1f243b418ad3f441edc95fd92efbadb0f9bde36219c7564c67f9639513",
    "https://deno.land/std@0.220.1/media_types/extension.ts": "ec91e1818864cb84f8053ecafb270eaca702412c15c2086929ae34132e11c56a",
    "https://deno.land/std@0.220.1/media_types/extensions_by_type.ts": "9db10797e09421815688c8f7a2fbfd5dcb040fa5c488278f1b9e04359369bd0b",
    "https://deno.land/std@0.220.1/media_types/format_media_type.ts": "ffef4718afa2489530cb94021bb865a466eb02037609f7e82899c017959d288a",
    "https://deno.land/std@0.220.1/media_types/get_charset.ts": "277ebfceb205bd34e616fe6764ef03fb277b77f040706272bea8680806ae3f11",
    "https://deno.land/std@0.220.1/media_types/parse_media_type.ts": "487f000a38c230ccbac25420a50f600862e06796d0eee19d19631b9e84ee9654",
    "https://deno.land/std@0.220.1/media_types/type_by_extension.ts": "bf4e3f5d6b58b624d5daa01cbb8b1e86d9939940a77e7c26e796a075b60ec73b",
    "https://deno.land/std@0.220.1/media_types/vendor/mime-db.v1.52.0.ts": "0218d2c7d900e8cd6fa4a866e0c387712af4af9a1bae55d6b2546c73d273a1e6",
    "https://deno.land/std@0.220.1/path/_common/assert_path.ts": "dbdd757a465b690b2cc72fc5fb7698c51507dec6bfafce4ca500c46b76ff7bd8",
    "https://deno.land/std@0.220.1/path/_common/basename.ts": "569744855bc8445f3a56087fd2aed56bdad39da971a8d92b138c9913aecc5fa2",
    "https://deno.land/std@0.220.1/path/_common/common.ts": "ef73c2860694775fe8ffcbcdd387f9f97c7a656febf0daa8c73b56f4d8a7bd4c",
    "https://deno.land/std@0.220.1/path/_common/constants.ts": "dc5f8057159f4b48cd304eb3027e42f1148cf4df1fb4240774d3492b5d12ac0c",
    "https://deno.land/std@0.220.1/path/_common/dirname.ts": "684df4aa71a04bbcc346c692c8485594fc8a90b9408dfbc26ff32cf3e0c98cc8",
    "https://deno.land/std@0.220.1/path/_common/format.ts": "92500e91ea5de21c97f5fe91e178bae62af524b72d5fcd246d6d60ae4bcada8b",
    "https://deno.land/std@0.220.1/path/_common/from_file_url.ts": "d672bdeebc11bf80e99bf266f886c70963107bdd31134c4e249eef51133ceccf",
    "https://deno.land/std@0.220.1/path/_common/glob_to_reg_exp.ts": "6cac16d5c2dc23af7d66348a7ce430e5de4e70b0eede074bdbcf4903f4374d8d",
    "https://deno.land/std@0.220.1/path/_common/normalize.ts": "684df4aa71a04bbcc346c692c8485594fc8a90b9408dfbc26ff32cf3e0c98cc8",
    "https://deno.land/std@0.220.1/path/_common/normalize_string.ts": "33edef773c2a8e242761f731adeb2bd6d683e9c69e4e3d0092985bede74f4ac3",
    "https://deno.land/std@0.220.1/path/_common/relative.ts": "faa2753d9b32320ed4ada0733261e3357c186e5705678d9dd08b97527deae607",
    "https://deno.land/std@0.220.1/path/_common/strip_trailing_separators.ts": "7024a93447efcdcfeaa9339a98fa63ef9d53de363f1fbe9858970f1bba02655a",
    "https://deno.land/std@0.220.1/path/_common/to_file_url.ts": "7f76adbc83ece1bba173e6e98a27c647712cab773d3f8cbe0398b74afc817883",
    "https://deno.land/std@0.220.1/path/_interface.ts": "a1419fcf45c0ceb8acdccc94394e3e94f99e18cfd32d509aab514c8841799600",
    "https://deno.land/std@0.220.1/path/_os.ts": "8fb9b90fb6b753bd8c77cfd8a33c2ff6c5f5bc185f50de8ca4ac6a05710b2c15",
    "https://deno.land/std@0.220.1/path/basename.ts": "5d341aadb7ada266e2280561692c165771d071c98746fcb66da928870cd47668",
    "https://deno.land/std@0.220.1/path/common.ts": "03e52e22882402c986fe97ca3b5bb4263c2aa811c515ce84584b23bac4cc2643",
    "https://deno.land/std@0.220.1/path/constants.ts": "0c206169ca104938ede9da48ac952de288f23343304a1c3cb6ec7625e7325f36",
    "https://deno.land/std@0.220.1/path/dirname.ts": "85bd955bf31d62c9aafdd7ff561c4b5fb587d11a9a5a45e2b01aedffa4238a7c",
    "https://deno.land/std@0.220.1/path/extname.ts": "593303db8ae8c865cbd9ceec6e55d4b9ac5410c1e276bfd3131916591b954441",
    "https://deno.land/std@0.220.1/path/format.ts": "42a2f3201343df77061207e6aaf78c95bafce7f711dcb7fe1e5840311c505778",
    "https://deno.land/std@0.220.1/path/from_file_url.ts": "911833ae4fd10a1c84f6271f36151ab785955849117dc48c6e43b929504ee069",
    "https://deno.land/std@0.220.1/path/glob_to_regexp.ts": "7f30f0a21439cadfdae1be1bf370880b415e676097fda584a63ce319053b5972",
    "https://deno.land/std@0.220.1/path/is_absolute.ts": "4791afc8bfd0c87f0526eaa616b0d16e7b3ab6a65b62942e50eac68de4ef67d7",
    "https://deno.land/std@0.220.1/path/is_glob.ts": "a65f6195d3058c3050ab905705891b412ff942a292bcbaa1a807a74439a14141",
    "https://deno.land/std@0.220.1/path/join.ts": "ae2ec5ca44c7e84a235fd532e4a0116bfb1f2368b394db1c4fb75e3c0f26a33a",
    "https://deno.land/std@0.220.1/path/join_globs.ts": "5b3bf248b93247194f94fa6947b612ab9d3abd571ca8386cf7789038545e54a0",
    "https://deno.land/std@0.220.1/path/mod.ts": "2821a1bb3a4148a0ffe79c92aa41aa9319fef73c6d6f5178f52b2c720d3eb02d",
    "https://deno.land/std@0.220.1/path/normalize.ts": "4155743ccceeed319b350c1e62e931600272fad8ad00c417b91df093867a8352",
    "https://deno.land/std@0.220.1/path/normalize_glob.ts": "cc89a77a7d3b1d01053b9dcd59462b75482b11e9068ae6c754b5cf5d794b374f",
    "https://deno.land/std@0.220.1/path/parse.ts": "65e8e285f1a63b714e19ef24b68f56e76934c3df0b6e65fd440d3991f4f8aefb",
    "https://deno.land/std@0.220.1/path/posix/_util.ts": "1e3937da30f080bfc99fe45d7ed23c47dd8585c5e473b2d771380d3a6937cf9d",
    "https://deno.land/std@0.220.1/path/posix/basename.ts": "d2fa5fbbb1c5a3ab8b9326458a8d4ceac77580961b3739cd5bfd1d3541a3e5f0",
    "https://deno.land/std@0.220.1/path/posix/common.ts": "26f60ccc8b2cac3e1613000c23ac5a7d392715d479e5be413473a37903a2b5d4",
    "https://deno.land/std@0.220.1/path/posix/constants.ts": "93481efb98cdffa4c719c22a0182b994e5a6aed3047e1962f6c2c75b7592bef1",
    "https://deno.land/std@0.220.1/path/posix/dirname.ts": "76cd348ffe92345711409f88d4d8561d8645353ac215c8e9c80140069bf42f00",
    "https://deno.land/std@0.220.1/path/posix/extname.ts": "e398c1d9d1908d3756a7ed94199fcd169e79466dd88feffd2f47ce0abf9d61d2",
    "https://deno.land/std@0.220.1/path/posix/format.ts": "185e9ee2091a42dd39e2a3b8e4925370ee8407572cee1ae52838aed96310c5c1",
    "https://deno.land/std@0.220.1/path/posix/from_file_url.ts": "951aee3a2c46fd0ed488899d024c6352b59154c70552e90885ed0c2ab699bc40",
    "https://deno.land/std@0.220.1/path/posix/glob_to_regexp.ts": "76f012fcdb22c04b633f536c0b9644d100861bea36e9da56a94b9c589a742e8f",
    "https://deno.land/std@0.220.1/path/posix/is_absolute.ts": "cebe561ad0ae294f0ce0365a1879dcfca8abd872821519b4fcc8d8967f888ede",
    "https://deno.land/std@0.220.1/path/posix/is_glob.ts": "8a8b08c08bf731acf2c1232218f1f45a11131bc01de81e5f803450a5914434b9",
    "https://deno.land/std@0.220.1/path/posix/join.ts": "7fc2cb3716aa1b863e990baf30b101d768db479e70b7313b4866a088db016f63",
    "https://deno.land/std@0.220.1/path/posix/join_globs.ts": "a9475b44645feddceb484ee0498e456f4add112e181cb94042cdc6d47d1cdd25",
    "https://deno.land/std@0.220.1/path/posix/mod.ts": "2301fc1c54a28b349e20656f68a85f75befa0ee9b6cd75bfac3da5aca9c3f604",
    "https://deno.land/std@0.220.1/path/posix/normalize.ts": "baeb49816a8299f90a0237d214cef46f00ba3e95c0d2ceb74205a6a584b58a91",
    "https://deno.land/std@0.220.1/path/posix/normalize_glob.ts": "9c87a829b6c0f445d03b3ecadc14492e2864c3ebb966f4cea41e98326e4435c6",
    "https://deno.land/std@0.220.1/path/posix/parse.ts": "0b1fc4cb890dbb699ec1d2c232d274843b4a7142e1ad976b69fe51c954eb6080",
    "https://deno.land/std@0.220.1/path/posix/relative.ts": "3907d6eda41f0ff723d336125a1ad4349112cd4d48f693859980314d5b9da31c",
    "https://deno.land/std@0.220.1/path/posix/resolve.ts": "08b699cfeee10cb6857ccab38fa4b2ec703b0ea33e8e69964f29d02a2d5257cf",
    "https://deno.land/std@0.220.1/path/posix/to_file_url.ts": "7aa752ba66a35049e0e4a4be5a0a31ac6b645257d2e031142abb1854de250aaf",
    "https://deno.land/std@0.220.1/path/posix/to_namespaced_path.ts": "28b216b3c76f892a4dca9734ff1cc0045d135532bfd9c435ae4858bfa5a2ebf0",
    "https://deno.land/std@0.220.1/path/relative.ts": "ab739d727180ed8727e34ed71d976912461d98e2b76de3d3de834c1066667add",
    "https://deno.land/std@0.220.1/path/resolve.ts": "a6f977bdb4272e79d8d0ed4333e3d71367cc3926acf15ac271f1d059c8494d8d",
    "https://deno.land/std@0.220.1/path/to_file_url.ts": "88f049b769bce411e2d2db5bd9e6fd9a185a5fbd6b9f5ad8f52bef517c4ece1b",
    "https://deno.land/std@0.220.1/path/to_namespaced_path.ts": "b706a4103b104cfadc09600a5f838c2ba94dbcdb642344557122dda444526e40",
    "https://deno.land/std@0.220.1/path/windows/_util.ts": "d5f47363e5293fced22c984550d5e70e98e266cc3f31769e1710511803d04808",
    "https://deno.land/std@0.220.1/path/windows/basename.ts": "e2dbf31d1d6385bfab1ce38c333aa290b6d7ae9e0ecb8234a654e583cf22f8fe",
    "https://deno.land/std@0.220.1/path/windows/common.ts": "26f60ccc8b2cac3e1613000c23ac5a7d392715d479e5be413473a37903a2b5d4",
    "https://deno.land/std@0.220.1/path/windows/constants.ts": "5afaac0a1f67b68b0a380a4ef391bf59feb55856aa8c60dfc01bd3b6abb813f5",
    "https://deno.land/std@0.220.1/path/windows/dirname.ts": "33e421be5a5558a1346a48e74c330b8e560be7424ed7684ea03c12c21b627bc9",
    "https://deno.land/std@0.220.1/path/windows/extname.ts": "165a61b00d781257fda1e9606a48c78b06815385e7d703232548dbfc95346bef",
    "https://deno.land/std@0.220.1/path/windows/format.ts": "bbb5ecf379305b472b1082cd2fdc010e44a0020030414974d6029be9ad52aeb6",
    "https://deno.land/std@0.220.1/path/windows/from_file_url.ts": "ced2d587b6dff18f963f269d745c4a599cf82b0c4007356bd957cb4cb52efc01",
    "https://deno.land/std@0.220.1/path/windows/glob_to_regexp.ts": "e45f1f89bf3fc36f94ab7b3b9d0026729829fabc486c77f414caebef3b7304f8",
    "https://deno.land/std@0.220.1/path/windows/is_absolute.ts": "4a8f6853f8598cf91a835f41abed42112cebab09478b072e4beb00ec81f8ca8a",
    "https://deno.land/std@0.220.1/path/windows/is_glob.ts": "8a8b08c08bf731acf2c1232218f1f45a11131bc01de81e5f803450a5914434b9",
    "https://deno.land/std@0.220.1/path/windows/join.ts": "8d03530ab89195185103b7da9dfc6327af13eabdcd44c7c63e42e27808f50ecf",
    "https://deno.land/std@0.220.1/path/windows/join_globs.ts": "a9475b44645feddceb484ee0498e456f4add112e181cb94042cdc6d47d1cdd25",
    "https://deno.land/std@0.220.1/path/windows/mod.ts": "2301fc1c54a28b349e20656f68a85f75befa0ee9b6cd75bfac3da5aca9c3f604",
    "https://deno.land/std@0.220.1/path/windows/normalize.ts": "78126170ab917f0ca355a9af9e65ad6bfa5be14d574c5fb09bb1920f52577780",
    "https://deno.land/std@0.220.1/path/windows/normalize_glob.ts": "9c87a829b6c0f445d03b3ecadc14492e2864c3ebb966f4cea41e98326e4435c6",
    "https://deno.land/std@0.220.1/path/windows/parse.ts": "dbdfe2bc6db482d755b5f63f7207cd019240fcac02ad2efa582adf67ff10553a",
    "https://deno.land/std@0.220.1/path/windows/relative.ts": "3e1abc7977ee6cc0db2730d1f9cb38be87b0ce4806759d271a70e4997fc638d7",
    "https://deno.land/std@0.220.1/path/windows/resolve.ts": "8dae1dadfed9d46ff46cc337c9525c0c7d959fb400a6308f34595c45bdca1972",
    "https://deno.land/std@0.220.1/path/windows/to_file_url.ts": "40e560ee4854fe5a3d4d12976cef2f4e8914125c81b11f1108e127934ced502e",
    "https://deno.land/std@0.220.1/path/windows/to_namespaced_path.ts": "4ffa4fb6fae321448d5fe810b3ca741d84df4d7897e61ee29be961a6aac89a4c",
    "https://deno.land/x/envalid@0.1.2/core.ts": "9cb1b469919af72d3ad8576f952c8b695e9b5356878d84f15db9328b7afab2d5",
    "https://deno.land/x/envalid@0.1.2/envalid.ts": "76755815e2643aacbe604e3cd76415f0f4c8cc04d7cdbae0ab05a0ebc86ceb38",
    "https://deno.land/x/envalid@0.1.2/errors.ts": "8524f99ff929abe5c9fa07c250cafb15e564d5339ae8fdfabd6d56fab9ec7e00",
    "https://deno.land/x/envalid@0.1.2/middleware.ts": "c7a88e1dce3f280471844c36080a346ac3aadc4420b3fbff92807d21f3aec1e2",
    "https://deno.land/x/envalid@0.1.2/mod.ts": "c82f8e49cf6b008478a11275bbc9c55a4f900a2010fb4d0882cfba6f914eaa1c",
    "https://deno.land/x/envalid@0.1.2/reporter.ts": "5affd2863a25cca71e7f249504f0670112e5e1742dd8a3977764e45fa5957dcc",
    "https://deno.land/x/envalid@0.1.2/types.ts": "3c8630c015922739c8e0c3638dd446bbaf627ecccfb9b21329dbd0af82c4236d",
    "https://deno.land/x/envalid@0.1.2/validators.ts": "9252d4a0a70a7c1895be7813596a562cd8b105756f7cbbd8e49caf1bf4998453",
    "https://deno.land/x/html_parser@v0.1.3/src/DomHandler.ts": "5031e2062c95daa5a14fefbf3a54872be944e6ccb3dc75301591333f5607870d",
    "https://deno.land/x/html_parser@v0.1.3/src/DomSerializer.ts": "b7248766f7e708716f4c48bf17796a65fe28490efed659c7bdbd62eaffd691b7",
    "https://deno.land/x/html_parser@v0.1.3/src/ElementType.ts": "1ebd2f95b3e44dfb76e4700efc0cf33a5b15f09384c227c5da5d35f5af98f55b",
    "https://deno.land/x/html_parser@v0.1.3/src/FeedHandler.ts": "44377ed272f63a4b81582fe5523733e0d4d1f1507456d657eaf8dbfaa67d61bb",
    "https://deno.land/x/html_parser@v0.1.3/src/Node.ts": "cddecdcf9afc7dedb83cdd8952995dd14a94f272f232be6326e2dea520de83b7",
    "https://deno.land/x/html_parser@v0.1.3/src/Parser.ts": "edad95d019e2c4471e8de9df9de0d39772e0e16fb6b35196acae407d6ea64c24",
    "https://deno.land/x/html_parser@v0.1.3/src/Tokenizer.ts": "1b063499822abf8f5d265d1642aecfbf56e7862846fc33e03ecc758d87f43da8",
    "https://deno.land/x/html_parser@v0.1.3/src/mod.ts": "1209bdc0336244fb77803bba1ef0af4c68208fd03b0d68bc7de59a45e8d501ff",
    "https://deno.land/x/html_parser@v0.1.3/src/utils/entities/decode.ts": "e154124a2453841b25c0de8df98bd9ee3aac4cb7e01348fefd0512cf27aaa88f",
    "https://deno.land/x/html_parser@v0.1.3/src/utils/entities/decode_codepoint.ts": "9e17c1f957824bf0eb5a91615890370c18d7811bdf2eaae1daf41a9a077217eb",
    "https://deno.land/x/html_parser@v0.1.3/src/utils/entities/encode.ts": "1ca9c103ad1aed445f3456176dcf299534b7327a6fa8506718560d92ddee359f",
    "https://deno.land/x/html_parser@v0.1.3/src/utils/entities/maps/decode.ts": "e201c7adbdff8056dac535f7c8ef36daf79bf9fd4bdd1c447225e2cd6d8fd955",
    "https://deno.land/x/html_parser@v0.1.3/src/utils/entities/maps/entities.ts": "84c2f1ef39cecd6fb8a2a20ab998f6d20fbde71254e6b860926d75d9d53192bb",
    "https://deno.land/x/html_parser@v0.1.3/src/utils/entities/maps/legacy.ts": "a665ba8685bf0bfe5e095afcebd0b6d17f49207fc4004c1b6b85c50092aae7d0",
    "https://deno.land/x/html_parser@v0.1.3/src/utils/entities/maps/xml.ts": "4dfd749cb05cdd0c108e9219cc3f73f2de6cf0028fdaa28887c63a6bf352f2cd",
    "https://deno.land/x/html_parser@v0.1.3/src/utils/entities/mod.ts": "3f501119cdd84f729e586ac6acac12b8273aa0c1556a67a75b370f5a21c52526",
    "https://deno.land/x/html_parser@v0.1.3/src/utils/helpers.ts": "0e01ed4aa92197a13e74fcd00483351fb18682d0b9ef0f4c1903e16bd4310e81",
    "https://deno.land/x/html_parser@v0.1.3/src/utils/legacy.ts": "138d1cf436fef4be5d8d35521ffe6ca4a74cc46c1ba8e219b44fcbc951f07f5c",
    "https://deno.land/x/html_parser@v0.1.3/src/utils/manipulation.ts": "a05e88097e6ac8c706cdd76d06080b7970d84fd7fbd20bda2d9d1b46579430bc",
    "https://deno.land/x/html_parser@v0.1.3/src/utils/mod.ts": "cc96619cc04c1424888201f87b85d16d398a41e68e64cebd058d0ee623a38645",
    "https://deno.land/x/html_parser@v0.1.3/src/utils/querying.ts": "b8efd0fbbcc38c386633ce6233d91508f3f35115ac3930eb71063e2576429eb3",
    "https://deno.land/x/html_parser@v0.1.3/src/utils/stringify.ts": "df98808214552b40b12fe00d833431ef5ae22a4842c3af1373c33d611ffc4e24",
    "https://deno.land/x/html_parser@v0.1.3/src/utils/traversal.ts": "84988442d00f83728d87d6e462113ad5107f002e32e08d88a99c7284e0252d60",
    "https://deno.land/x/mtkruto@0.1.183/0_deps.ts": "bd47a1c024fad3366eedc337d902a7c1af3799f16b7d5389fde2165763cd1773",
    "https://deno.land/x/mtkruto@0.1.183/1_utilities.ts": "3cbcfc068267323ce8dab643b2c67cdc5c664a972b071c83ae9831bcd05f672b",
    "https://deno.land/x/mtkruto@0.1.183/2_connection.ts": "bea531073ec9d1ab2fa43ab1542725d64e5ae5f69e639f9903f059def97ec324",
    "https://deno.land/x/mtkruto@0.1.183/2_tl.ts": "7a10893bf2bc4784e46c46f9fb36e642ad3f5bf4cbc30e1966a370ab5dbccc96",
    "https://deno.land/x/mtkruto@0.1.183/3_errors.ts": "d49470f3b9fe19a57b3932926020c0234166948f4d943aba229afbe7688989b4",
    "https://deno.land/x/mtkruto@0.1.183/3_storage.ts": "c30d7da3e9a931bde550d01745ae8122fb3dce0727facbfe11d4c8dc4a1f862f",
    "https://deno.land/x/mtkruto@0.1.183/3_transport.ts": "7f1241951066f8234dd7d5264176fa1c3438b2594557e5aa2e4d5a86cf6b9f4a",
    "https://deno.land/x/mtkruto@0.1.183/3_types.ts": "10c728556579dd3e2cd599d23652c2525a1fa191679089a0087a5c5c3e903476",
    "https://deno.land/x/mtkruto@0.1.183/4_constants.ts": "93ac57fe06f1546e1d238fff3eb84609873b06ed5c2df68577bac68841ac838e",
    "https://deno.land/x/mtkruto@0.1.183/4_errors.ts": "d137dc646b85d27b4d66ea4be187bb73ee40e4cc54b24510bc8d8ea5a9a736f9",
    "https://deno.land/x/mtkruto@0.1.183/5_client.ts": "54224612898959844c186281a0167e38a96b9db0ac918705a429a41d0ee2762b",
    "https://deno.land/x/mtkruto@0.1.183/client/0_client_abstract.ts": "a26fd121ca5be6f726ec4dc1687b93795511d49d5145b41d020dce99a1aafdde",
    "https://deno.land/x/mtkruto@0.1.183/client/0_filters.ts": "9dfe21583807c34e9b43fbb97997c9850f49faf178973d93c04a3a1f29e71d19",
    "https://deno.land/x/mtkruto@0.1.183/client/0_html.ts": "0c03c2ec075d3e19602b495ca8abf95558acf3d07e5346c028915e9b6cc13f6f",
    "https://deno.land/x/mtkruto@0.1.183/client/0_message.ts": "a885a4920ed9d1a62515ac52a819319c271020d912da71e667878f7716535cbb",
    "https://deno.land/x/mtkruto@0.1.183/client/0_params.ts": "c3a4df5195572d892c4960c203d22d596751ee2bb66fcfd24a6a3a37700a2ab0",
    "https://deno.land/x/mtkruto@0.1.183/client/0_password.ts": "47afca35359c019e775189ac19d1468c45fae3d94665ceb74c6c7dbddfb2f156",
    "https://deno.land/x/mtkruto@0.1.183/client/0_types.ts": "bdfb746aa6fb9937c358c213de9862170141d9cb8fdb9f0fe595b16dbc15ef6d",
    "https://deno.land/x/mtkruto@0.1.183/client/0_utilities.ts": "939a7a54a75956d9a23c9db81d50851e32c833aa2568b3a4478587d1ab519312",
    "https://deno.land/x/mtkruto@0.1.183/client/1_account_manager.ts": "fc18f2d22d8c40c10fbfc9b7d30fa0fbb9fc9637c60fdc77c48fbd87c21e658a",
    "https://deno.land/x/mtkruto@0.1.183/client/1_bot_info_manager.ts": "2b8249ba2aa8dc2bef4565ab1fbfcb1e614a66952eae282311517d4765dd229a",
    "https://deno.land/x/mtkruto@0.1.183/client/1_client_encrypted.ts": "66fc88d472ed9f907dc53bdadad5a2b87280d784fb90e9a4698400548cde9263",
    "https://deno.land/x/mtkruto@0.1.183/client/1_client_plain.ts": "6515af55cf7e73dad8391d777ad110c3e8d4cf808805b2b62be91a5943d55363",
    "https://deno.land/x/mtkruto@0.1.183/client/1_composer.ts": "b35f38820d5ee0996df0a10d09ca273ee9695f6a20470d4db35a2d5357a276ce",
    "https://deno.land/x/mtkruto@0.1.183/client/1_file_manager.ts": "514850c7c25128d8b50a00c37f7ae93521f5d507d81f1e38b9ab15d58317cdd6",
    "https://deno.land/x/mtkruto@0.1.183/client/1_network_statistics_manager.ts": "73eeaf0c3cd0dc221e5a63e3b7a0e9942a768ec274436c1a29f493bc4abcdeae",
    "https://deno.land/x/mtkruto@0.1.183/client/1_reaction_manager.ts": "c4a51fc3e7fc30e8c94ad55921977ef8edbabcf2abab45e48b39d51bdb65b6b7",
    "https://deno.land/x/mtkruto@0.1.183/client/1_update_manager.ts": "feb43435395e0b4037f53cfe630c663fb30e65d6190f8607bfca58e0897b462d",
    "https://deno.land/x/mtkruto@0.1.183/client/2_message_manager.ts": "8a92f71eabe73555ade73f00fa2c78a675b3899e142349c65d9a0d4fdb6e77ff",
    "https://deno.land/x/mtkruto@0.1.183/client/3_callback_query_manager.ts": "f9cb8b28c30120110e9cfe7bc1d8ebbbb74719605c19cec9559fb1c498f82866",
    "https://deno.land/x/mtkruto@0.1.183/client/3_chat_list_manager.ts": "5eb22a081dd1472a181d58ba28387c97da8ffc445d9eb24e4dd304b0d43674e8",
    "https://deno.land/x/mtkruto@0.1.183/client/3_inline_query_manager.ts": "cf905bb380df88e48412d58818f6882ffca9784d4dcb6e15bdd168f945416cc2",
    "https://deno.land/x/mtkruto@0.1.183/client/3_story_manager.ts": "4f379e66274f997640427401aa9c4e9a81cb10fe559665856459d696c2dc0f06",
    "https://deno.land/x/mtkruto@0.1.183/client/4_client.ts": "5256c294affb3d8e3a1440e1f6f6e1b2a42c3236ca46d04a0891b49719ab7596",
    "https://deno.land/x/mtkruto@0.1.183/connection/0_connection.ts": "0b925c971b21b93cf3907d48705698f0365698b2505112bb4f6521fe1e2f636e",
    "https://deno.land/x/mtkruto@0.1.183/connection/1_connection_web_socket.ts": "f4f29d3e4e8aa9976fe4d1d5dc2759aae08592e4b220e2f51f2b9f0421570b5c",
    "https://deno.land/x/mtkruto@0.1.183/mod.ts": "a521a177b5a6fe9577c122a3cac55a2b5d1077fab107f2c036b995dd8e9ecd23",
    "https://deno.land/x/mtkruto@0.1.183/storage/0_storage.ts": "d9279f8b6f73a2729ea52a4024e81a0bd5e54e392c0516a0fbe7412d2b24e78e",
    "https://deno.land/x/mtkruto@0.1.183/storage/0_utilities.ts": "1887bbeb099c38bd22528ab858a417070835f1b14a2916f145e9be2fdf2b4398",
    "https://deno.land/x/mtkruto@0.1.183/storage/1_storage_indexed_db.ts": "c2006ea66954b419f655c0071cb72f808b5f7e4b1b6680e967a9652ac36d985f",
    "https://deno.land/x/mtkruto@0.1.183/storage/1_storage_local_storage.ts": "1d96bf5d6f826af252495bd0d68de7391381a15818ac51d3ea9077e442ca6ee6",
    "https://deno.land/x/mtkruto@0.1.183/storage/1_storage_memory.ts": "eee4a958fdc943f6f4b349f86d0d89e4abfad0dbb03e75aafd2270ec2f9d2fb3",
    "https://deno.land/x/mtkruto@0.1.183/storage/1_storage_session_storage.ts": "5a6c419b6d0bd5a1ebe916b30bef34a1455481d8b3dc80ec0950bf6fb539ddcd",
    "https://deno.land/x/mtkruto@0.1.183/tl/0_tl_raw_reader.ts": "086abecf04221c07662bc266411dfdb4489874d243ef00bca5cba051bdb3be2f",
    "https://deno.land/x/mtkruto@0.1.183/tl/0_tl_raw_writer.ts": "34f8b62edc7542a1bfe53e1ecd32e00ba29923bed484f4fbc52ab7bcfcf52677",
    "https://deno.land/x/mtkruto@0.1.183/tl/1_tl_object.ts": "45b7f892006491047ba63f3bafed0251f7b8081cfe3fb14477351840c2b121b5",
    "https://deno.land/x/mtkruto@0.1.183/tl/2_types.ts": "2e8486e5a94e2c7ca3525a42292c24488e8e7fcf8dfd427bdf8fc9230d74c510",
    "https://deno.land/x/mtkruto@0.1.183/tl/3_deserialize.ts": "008fdbaf259d6e0d0ddd21c2b2c3e4bb0628da8f4bbf781abf26a783de784a41",
    "https://deno.land/x/mtkruto@0.1.183/tl/3_functions.ts": "8d8698a0297f74609c648975c040fe3657306dae07adf3dab9c3053f78abbd73",
    "https://deno.land/x/mtkruto@0.1.183/tl/3_tl_reader.ts": "21f5425bee86ecdebcc2e996ca3436bd48d02742762ed92dfe812b890fd9bd72",
    "https://deno.land/x/mtkruto@0.1.183/tl/3_utilities.ts": "d4bef7eda3433240f35e78712b7923e98e570a8dc31bbb5f759fa91bf787dc4e",
    "https://deno.land/x/mtkruto@0.1.183/tl/4_rpc_result.ts": "0db6a8c11a8552c43b3504b25ce43f58f0daffb5433c5a7d9285a1ee91d250bf",
    "https://deno.land/x/mtkruto@0.1.183/tl/4_tl_writer.ts": "1fe59655a87c9c439657a3e0819c88736818d5eb4c5360c6668f0793e8869165",
    "https://deno.land/x/mtkruto@0.1.183/tl/6_message.ts": "15436438d9ed99a905fdcfd6b0d7d889d9d711b271406401392c0c321899b3d2",
    "https://deno.land/x/mtkruto@0.1.183/tl/7_message_container.ts": "00f6c7891b9d3a0d20eddefad53dde806208f73bdf7791c624bb68953449f134",
    "https://deno.land/x/mtkruto@0.1.183/transport/0_obfuscation.ts": "72724e296ea1987c24ed5837bc357287f71e448b31ecd0adcf8bd3c1ccc60296",
    "https://deno.land/x/mtkruto@0.1.183/transport/0_transport.ts": "79e4f1c3a77e90205921a6ec3ba1767b39772b6db08010ac2ef36b2313dd326a",
    "https://deno.land/x/mtkruto@0.1.183/transport/1_transport_abridged.ts": "dcac1082c074d5fab88b3aac08f1b3bd68512a7428e24337a6055435994132db",
    "https://deno.land/x/mtkruto@0.1.183/transport/1_transport_intermediate.ts": "5195b1a7ad725ebfafcb5ed151aed5db17497a56ca714877a3c567e80eb87793",
    "https://deno.land/x/mtkruto@0.1.183/transport/2_transport_provider.ts": "a901d750fa51caf78aaf2df1eea2a277b6e902ed39abc8ed4f287dab32e1fdfd",
    "https://deno.land/x/mtkruto@0.1.183/transport/3_transport_provider_web_socket.ts": "d1b46edb7680a54e01490a5a1ad026d572d8029f435ab6ee31b8ee64e19892fb",
    "https://deno.land/x/mtkruto@0.1.183/types/0__file_id.ts": "6b0aa7323240441626cd397ae82ba6542ff85241e9756b27a8c3a240308cfb80",
    "https://deno.land/x/mtkruto@0.1.183/types/0_authorization_state.ts": "9cfa1af0773a66e7482f83166cf7e1e7b7552e268e5f3ff702432ed98eb54b94",
    "https://deno.land/x/mtkruto@0.1.183/types/0_bot_command.ts": "39eb5f9dbcce5c91abe454f416fdb0909e1b9944425d0a3b95f523ef82b5295e",
    "https://deno.land/x/mtkruto@0.1.183/types/0_chat_action.ts": "48cea732e954a57e4685e2555400e3800416da18ee763d63c403c8a4454cad2e",
    "https://deno.land/x/mtkruto@0.1.183/types/0_chat_administrator_rights.ts": "c1b55ac3c9f7e7e639de95c5fc22ecf883c15c4c321d844f32afd5f4af369439",
    "https://deno.land/x/mtkruto@0.1.183/types/0_chat_member_rights.ts": "3ac8e821be84c04aaaf0a1cceaff087112902877a6c64c62e214e7379c770cb3",
    "https://deno.land/x/mtkruto@0.1.183/types/0_chat_photo.ts": "90aab99e96706b6be8082eb078fa1d45162061f102b834f019d093a3bc4b3a42",
    "https://deno.land/x/mtkruto@0.1.183/types/0_connection_state.ts": "a312b03f8dbafec5a2cabdb8da97f471e863ab5e8f1a4dc4147b64ea6119dbf9",
    "https://deno.land/x/mtkruto@0.1.183/types/0_contact.ts": "5e80d39ad6b964544aacdb58fe86ecfa3e35b1c35719e776bfdf4531f3130320",
    "https://deno.land/x/mtkruto@0.1.183/types/0_dice.ts": "9c427880b921c171bca347e16e574832a1783d09d6aa9d85ca3dfce237c8c2a2",
    "https://deno.land/x/mtkruto@0.1.183/types/0_file_source.ts": "e76b94d6f0d9eed267e15068a9bea16e62b4b9345dcb45ce66d73151fac469a8",
    "https://deno.land/x/mtkruto@0.1.183/types/0_giveaway_parameters.ts": "437beaa2ea1bc82379bc2e1f2516a5b8c96db977d098b875739701cab947ee95",
    "https://deno.land/x/mtkruto@0.1.183/types/0_id.ts": "64d23f06285b12b748fbc684894e22cf3336eb0487b6d5a7aa3a943b7582b906",
    "https://deno.land/x/mtkruto@0.1.183/types/0_keyboard_button_poll_type.ts": "8dc78f60489057a1ae53192917743b214bc54c78bdae861299845b949fc91093",
    "https://deno.land/x/mtkruto@0.1.183/types/0_link_preview.ts": "d89dfa10196a47edf6da59954a7578bd729c32157599d7196fec57ba7d3aab4d",
    "https://deno.land/x/mtkruto@0.1.183/types/0_location.ts": "2c64f2c481405a0869dc4d825fce9d681e32d85d807b4e28a6c7a3bf4eec1d98",
    "https://deno.land/x/mtkruto@0.1.183/types/0_login_url.ts": "04e135e2070a08d1e02abed94da26a03671d695e03ee3153ef603b5a864a5a18",
    "https://deno.land/x/mtkruto@0.1.183/types/0_mask_position.ts": "7cb802ec0c039e81b99f561e2c50be0619458dcf3b2f93f94582c5124106de2b",
    "https://deno.land/x/mtkruto@0.1.183/types/0_message_entity.ts": "e45fc8006265d4dbfeb86548599f52899afec2ecbed1779b42e8edfeb191e844",
    "https://deno.land/x/mtkruto@0.1.183/types/0_message_reference.ts": "faa535c603209638251e0b70548bdc27f6ca9d83dce9aebc317e9c4ec6f82ed3",
    "https://deno.land/x/mtkruto@0.1.183/types/0_message_search_filter.ts": "1e5340ce1c413107482192f7d157375d9a0bac21d7522017994784a5529af4e3",
    "https://deno.land/x/mtkruto@0.1.183/types/0_mini_app_info.ts": "e9f0848c39a0c6cae0ef7c1d03143e1ead819b3a4e106e38ae7a003ba828e0b0",
    "https://deno.land/x/mtkruto@0.1.183/types/0_network_statistics_entry.ts": "009e7603e6b777a17f568e7903e9f334348c38c48fcd5c5fb1bc5337711a2aaa",
    "https://deno.land/x/mtkruto@0.1.183/types/0_parse_mode.ts": "18e069fc508ca9ea1e1d96903698a7fecfc7151ae5249b7367815f2ed451987e",
    "https://deno.land/x/mtkruto@0.1.183/types/0_poll_option.ts": "b822e7bae27cad40ff524a1453b48010474cac2783e5dc4437a6661f615aadaa",
    "https://deno.land/x/mtkruto@0.1.183/types/0_price_tag.ts": "13fa77155e523bc63a02277c60fd26157f607a7bc6c4232ce0d0978eefc3caf9",
    "https://deno.land/x/mtkruto@0.1.183/types/0_reaction.ts": "0ea9717a136269850e744160dd643d4a7c523aafb42ce2480b056aa3ce6b01f8",
    "https://deno.land/x/mtkruto@0.1.183/types/0_restriction_reason.ts": "8917c228cf46179ee2e323d0f4dcf508c89b14b150e9e14959e8c192857f191b",
    "https://deno.land/x/mtkruto@0.1.183/types/0_story_reference.ts": "71a2abf22c50d3d7c72a75f8273578688cc96023217c5fc3a9822941feee7cda",
    "https://deno.land/x/mtkruto@0.1.183/types/0_thumbnail.ts": "c95a521746b21674a331cbe37cf2bbdc3c2cbaffe996bd73ae85fb20fc878bba",
    "https://deno.land/x/mtkruto@0.1.183/types/0_venue.ts": "3faf67f7e04787c642e2215c558cc4b8acf68f8a888ef5216bdd4cc2f3c36057",
    "https://deno.land/x/mtkruto@0.1.183/types/0_voice.ts": "8dd978fd0a1071f3c8588407542e6224be66bee02ab769e11bd0504644a1c113",
    "https://deno.land/x/mtkruto@0.1.183/types/1__getters.ts": "66f620226914b38a8335f57ad840fba0c754e9efa433cf3e1a85d4497f465629",
    "https://deno.land/x/mtkruto@0.1.183/types/1_animation.ts": "ed5876e699184f234d758f08d7aee5a8a5348dc1f56acf9ccc535afb21278fd6",
    "https://deno.land/x/mtkruto@0.1.183/types/1_audio.ts": "895dd9580df33a185ba116e16367878ae72a4c293308aedc9b18f50b6e3b1094",
    "https://deno.land/x/mtkruto@0.1.183/types/1_bot_command_scope.ts": "0c3e0ea9b9a21428c36d3f9a9b20eba9c236a1f8ed4ab76a0c34727df7f45b4b",
    "https://deno.land/x/mtkruto@0.1.183/types/1_chat_p.ts": "48ea1181d4f41ad41428ef2e57ec243487c8a3670f713ee2ab4d4f0e864ef25b",
    "https://deno.land/x/mtkruto@0.1.183/types/1_document.ts": "a6ca17da19843d49f65d67a12a648b706e048ba5a73061cdaa44e8364ead6c01",
    "https://deno.land/x/mtkruto@0.1.183/types/1_giveaway.ts": "6cc766201b55304a059f86f3c17df41a907a476c1b9cefc8ed07f892c5547862",
    "https://deno.land/x/mtkruto@0.1.183/types/1_inline_query_result_button.ts": "8f067a00bd0429fa8496321dddd8dbf62dbca59f5963aabaae3338627861fc31",
    "https://deno.land/x/mtkruto@0.1.183/types/1_input_message_content.ts": "3e2c8c923512d4a27da913b5d7cfb974ad0195ba10d489f6ee4d279934b57702",
    "https://deno.land/x/mtkruto@0.1.183/types/1_input_story_content.ts": "1f655001fa81d9b0ac005d6095f89e67ebfa73877eebf17c1a2c97f7bdd2b5ac",
    "https://deno.land/x/mtkruto@0.1.183/types/1_keyboard_button.ts": "5f91cf26a977b60e3e28fb92ac9219f2b51b9b588dc77f32ebb2bb1f16e329c1",
    "https://deno.land/x/mtkruto@0.1.183/types/1_message_reaction.ts": "41324a2195576844b53767ae0e753a334b3cc286548f8131dd7105d746f44411",
    "https://deno.land/x/mtkruto@0.1.183/types/1_network_statistics.ts": "b32802de8b9aaf46d113c7ac55ee2bf0843df6aa8831f481c69f3d080ee7d52b",
    "https://deno.land/x/mtkruto@0.1.183/types/1_photo.ts": "c45f656f9ba2d67270adc91b5de2c99a54f87dc088902e9da2e9b34e4e486a53",
    "https://deno.land/x/mtkruto@0.1.183/types/1_poll.ts": "76e79b8b0162ae497c67cf8d56fa4e36cfd7664ddf75aee921414c9ad20072e5",
    "https://deno.land/x/mtkruto@0.1.183/types/1_reaction_count.ts": "a42d084984921689baf0f1a85dd14f26b24f25b8a9b6dc7ee3dbcb325b58daff",
    "https://deno.land/x/mtkruto@0.1.183/types/1_reply_quote.ts": "4d9fc366ad6ae15d7d9905af29de48928fb7a7b8bb93086847f10f3e4bdbbf59",
    "https://deno.land/x/mtkruto@0.1.183/types/1_sticker.ts": "18ad0ac8426187ec6dc9297da6068830169c54071e5cbcbd2ceef1ea7e994e55",
    "https://deno.land/x/mtkruto@0.1.183/types/1_story_interactive_area.ts": "e384d349dc86e17d55025f83b50dd520da1ebdccac6ae0edf3372bec9103e267",
    "https://deno.land/x/mtkruto@0.1.183/types/1_story_privacy.ts": "b802cce9ff69d33ced27dc94adec47afb03039ce92b774204b8e4f03da557b9e",
    "https://deno.land/x/mtkruto@0.1.183/types/1_story_reaction.ts": "d8915f7aceb9c95942fe9d5b2526f5be6567236c03b5b5f75025a89c4fa1b55a",
    "https://deno.land/x/mtkruto@0.1.183/types/1_user.ts": "70964c94525aeb8108bc77c981e799f78246adcbe817575ddaa6e48a20a4d66a",
    "https://deno.land/x/mtkruto@0.1.183/types/1_video.ts": "18db9630feaeca784aec67fba1e33ddf091c69367b643219184f489a3150d711",
    "https://deno.land/x/mtkruto@0.1.183/types/1_video_note.ts": "4374bc6a512d072907c687dc97e2f00d21ef28d65d72602833187f6b39abbf10",
    "https://deno.land/x/mtkruto@0.1.183/types/2_chat_member.ts": "56c336eb7ad59b9016f8366e44b26b38503de2bc31422c993130e5c0003e6c45",
    "https://deno.land/x/mtkruto@0.1.183/types/2_chosen_inline_result.ts": "3fa95a15b6b55ec914f9366720e45ad673404428f038b8d9993b206f2e5040c1",
    "https://deno.land/x/mtkruto@0.1.183/types/2_game.ts": "e6de48c111bb0b6b4b63e29798d3c6b47fc853a6ba3c3df24dd5492ab9ff5ce2",
    "https://deno.land/x/mtkruto@0.1.183/types/2_inactive_chat.ts": "5e00fd7b82d2c0532035a1eeb13aee5762ffb66cc59a852c1845350176254865",
    "https://deno.land/x/mtkruto@0.1.183/types/2_inline_keyboard_button.ts": "c16ec073fc4db88df9627c58ac17387e5fdf134f6e40da16080ce03dad0ec9e5",
    "https://deno.land/x/mtkruto@0.1.183/types/2_inline_query.ts": "c56fd7576891ca16373323595b9f7ef8fbfb08a66053fda01ee0aa3469f2d0f1",
    "https://deno.land/x/mtkruto@0.1.183/types/2_invite_link.ts": "f4c15cc9f96e92a7dcd2c063195c7719a1f5932488c70ddb4d97afeb14dfb3ac",
    "https://deno.land/x/mtkruto@0.1.183/types/2_message_interactions.ts": "854cffb6cbb33aa4e8edbcde0005ed67f150d87da4370ec42120a2a21d7c1fb4",
    "https://deno.land/x/mtkruto@0.1.183/types/2_message_reaction_count.ts": "62f574f3aae34695aa5325e3abd72658480e5386fee31674569fadc6e01bf0d6",
    "https://deno.land/x/mtkruto@0.1.183/types/2_message_reactions.ts": "412fc041f72af22de896c7f3baa42c813a29d20fb452155c92f34dd2e9af4eb8",
    "https://deno.land/x/mtkruto@0.1.183/types/2_story_content.ts": "d51b10b6866c6b7a4d8cfc9119defb9c0fd0d4d94699fd175478abed440229c2",
    "https://deno.land/x/mtkruto@0.1.183/types/2_story_interactions.ts": "10125376bf562f3559acedb308e7931cf02b83e99e6d707009b3d6d94f2998f2",
    "https://deno.land/x/mtkruto@0.1.183/types/3_chat_member_updated.ts": "d8889eb10d6c79e7ba443c4e25537479ed8ec038a24dcc14dcf5537628104ae1",
    "https://deno.land/x/mtkruto@0.1.183/types/3_reply_markup.ts": "634c61268a9ed4654929acd76898c966da883f51829df81ce382202b25c938eb",
    "https://deno.land/x/mtkruto@0.1.183/types/3_story.ts": "2d5434e8da2efcca6c7bec91bf7597894d0249daf5c81d59de2edce085ca6180",
    "https://deno.land/x/mtkruto@0.1.183/types/4_inline_query_result.ts": "d1b8151d78ead9dca2e6b94f51a32283e9efed0165e4907254743bf5f64e435a",
    "https://deno.land/x/mtkruto@0.1.183/types/4_message.ts": "928af96b3b7ac3c5b889824e349041b8934e3e90bd0dfe5922351bc06314b74d",
    "https://deno.land/x/mtkruto@0.1.183/types/5_callback_query.ts": "7dc92cbd12a8fcff61ce51df3eb3da9b625a9e267c11fd5d9c68b44ad5c7ee03",
    "https://deno.land/x/mtkruto@0.1.183/types/5_chat.ts": "0298eb580ecd02233fe91385cc32e97e6d0b5e96600d82cb02a3e7eab6e04861",
    "https://deno.land/x/mtkruto@0.1.183/types/6_update.ts": "a1237e49fe2a06eaf46a0369b9a7588bf959f212a2b251076334e88115aa2107",
    "https://deno.land/x/mtkruto@0.1.183/utilities/0_bigint.ts": "db30643d0a79f799e12f8d80cad89d5038dcf6c1e880d85ca81d7a492481fda6",
    "https://deno.land/x/mtkruto@0.1.183/utilities/0_buffer.ts": "53ed04679737298cb71eb9f85cf913971024546b704c5efeb5dee96086302f05",
    "https://deno.land/x/mtkruto@0.1.183/utilities/0_cache_map.ts": "fd47a433dd22ee6091b0a913e6478f12293328a134f41822e218c03bd0f09c1c",
    "https://deno.land/x/mtkruto@0.1.183/utilities/0_color.ts": "143fd481149b24345d26374d46d67edc08932d3d7852a1dc1801dd24ac739c64",
    "https://deno.land/x/mtkruto@0.1.183/utilities/0_control.ts": "3e6caa2c3a121474ce6635027d8eb004c66ba043c738c56d683d192ff7fb432f",
    "https://deno.land/x/mtkruto@0.1.183/utilities/0_crypto.ts": "93d1025b0b7b5b8abe63ca54c950eebf5674175c6fd25bbedca1fba95698eae7",
    "https://deno.land/x/mtkruto@0.1.183/utilities/0_hash.ts": "65731c5ac92be766aa37c85f03df0cc98911b8aeecf7c8c2df0a586eb2743c78",
    "https://deno.land/x/mtkruto@0.1.183/utilities/0_logger.ts": "87f114d3e817a5c7f0d0b760548c53dc94e59cd9e1c9fd30601bce16e8296851",
    "https://deno.land/x/mtkruto@0.1.183/utilities/0_mutex.ts": "7d26b0ae45125a236fa7bfafea3dceed532d4d6084a02207eae696422d65472d",
    "https://deno.land/x/mtkruto@0.1.183/utilities/0_object.ts": "ce1715f0275d618f057c09f658025d92b776ca9e8777b1d8e2d4f924337ee2e9",
    "https://deno.land/x/mtkruto@0.1.183/utilities/0_rle.ts": "ca2418bd933955f44e497f59f533971d5c52794812bef1f9f02faf663f18bacf",
    "https://deno.land/x/mtkruto@0.1.183/utilities/0_types.ts": "32115c140f34c50b8931622980975079de004b92fbc3c680979abd7f9d32daa6",
    "https://deno.land/x/mtkruto@0.1.183/utilities/1_auth.ts": "761a54d9fcca76c075c3a3586de6bbdc8e1a2cb316f79222803712140bf86b54",
    "https://deno.land/x/mtkruto@0.1.183/utilities/1_base64.ts": "64442f2e20f70ff6a5b2d14ea71172a842383dfe4ee44ef641e6055c191287dd",
    "https://deno.land/x/mtkruto@0.1.183/utilities/1_misc.ts": "c65aefc5df29ef82fb909f74845d7d8e2c573facaf050d545d5640a3cda845c6",
    "https://deno.land/x/mtkruto@0.1.183/utilities/1_queue.ts": "f0801babf7ef001a00dfdd0c1049258648c0b2c30509669e4e0e81ada87275e3",
    "https://deno.land/x/tgcrypto@0.3.3/mod.ts": "70287ecc3c983da23eedb4d9e17046f8d928fd894db8b96c4ff027c4280917b1",
    "https://deno.land/x/tgcrypto@0.3.3/tgcrypto.js": "a220a09bdfc405dd3d5ebc1655769b77451b6afd565d0f0fcdd183e5ea92e1d7",
    "https://raw.githubusercontent.com/MTKruto/compress/main/mod.ts": "0200970ce518c1ecbc1746f3a2888f0b5a1dbfd25d3dd93e16084ea29014793b",
    "https://raw.githubusercontent.com/MTKruto/compress/main/utils/uint8.ts": "173de21aa289a8be0d402ca213e452211c30e8ff90957ddacacb07d6997ba019",
    "https://raw.githubusercontent.com/MTKruto/compress/main/zlib/deflate.ts": "e1e3b406dcc3e20021e53cde427b4b9ced752b72df820de73fec17c6e5ba999e",
    "https://raw.githubusercontent.com/MTKruto/compress/main/zlib/inflate.ts": "618cc3dd25d202bf6b89d92f3ab2865e7495884cafce950638c77cbc1537aeb1",
    "https://raw.githubusercontent.com/MTKruto/compress/main/zlib/mod.ts": "4dca9c1e934b7ab27f31c318abd7bfd39b09be96fd76ba27bd46f3a4e73b4ad0",
    "https://raw.githubusercontent.com/MTKruto/compress/main/zlib/zlib/adler32.ts": "e34c7596d63a655755c4b0a44a40d4f9c1d1c4d3b891e5c1f3f840f8939e1940",
    "https://raw.githubusercontent.com/MTKruto/compress/main/zlib/zlib/crc32.ts": "b9bc4adaf327d32585205d1176bd52f6453c06dd1040544611d4c869e638119c",
    "https://raw.githubusercontent.com/MTKruto/compress/main/zlib/zlib/deflate.ts": "8d1dd88630279313e50deed4fe5feefe8128307cc48fa560e659b5234ab09d83",
    "https://raw.githubusercontent.com/MTKruto/compress/main/zlib/zlib/gzheader.ts": "11e6da7383447aae9791308dc2350a809fa341a876a2da396b03a2a31408c20c",
    "https://raw.githubusercontent.com/MTKruto/compress/main/zlib/zlib/inffast.ts": "282daf5ea16bb876d26e342f3c24fe1a8ec84640e713a970b02232955a853f86",
    "https://raw.githubusercontent.com/MTKruto/compress/main/zlib/zlib/inflate.ts": "76751c1a5b18d70a929fa31ce4959db0bde1b9097bfa1b5ea3b4d1fba2ab92fa",
    "https://raw.githubusercontent.com/MTKruto/compress/main/zlib/zlib/inftrees.ts": "8a6d765a5c42bf3b6990060cabbe52e88493f8ce6d082e6e35d97756914cfb8e",
    "https://raw.githubusercontent.com/MTKruto/compress/main/zlib/zlib/messages.ts": "c82229bd67ccc3b6162f3aca1c5e7f936e546aa91ac9a9ac4fcfefc3a9dc5ac8",
    "https://raw.githubusercontent.com/MTKruto/compress/main/zlib/zlib/status.ts": "5987864d2d43d59bbbfa2e6ef4d5a07284c1d10489cc5843ddf41ac547957ac3",
    "https://raw.githubusercontent.com/MTKruto/compress/main/zlib/zlib/trees.ts": "6b65a767646e031e87e7b725ffad0c511fe701f393a01652e1e7ee8884f60fee",
    "https://raw.githubusercontent.com/MTKruto/compress/main/zlib/zlib/zstream.ts": "c110fd5919235e317d64933852e24a1bba0126202be592e90e58f7b19315ad93"
  }
}
